<?xml version="1.0" encoding="utf-8"?>
<Project ToolsVersion="4.0" xmlns="http://schemas.microsoft.com/developer/msbuild/2003">
  <ItemGroup>
    <Filter Include="Fichiers sources">
      <UniqueIdentifier>{4FC737F1-C7A5-4376-A066-2A32D752A2FF}</UniqueIdentifier>
      <Extensions>cpp;c;cc;cxx;def;odl;idl;hpj;bat;asm;asmx</Extensions>
    </Filter>
    <Filter Include="Fichiers d%27en-tête">
      <UniqueIdentifier>{93995380-89BD-4b04-88EB-625FBE52EBFB}</UniqueIdentifier>
      <Extensions>h;hh;hpp;hxx;hm;inl;inc;ipp;xsd</Extensions>
    </Filter>
    <Filter Include="Fichiers de ressources">
      <UniqueIdentifier>{67DA6AB6-F800-4c08-8B7A-83BB121AAD01}</UniqueIdentifier>
      <Extensions>rc;ico;cur;bmp;dlg;rc2;rct;bin;rgs;gif;jpg;jpeg;jpe;resx;tiff;tif;png;wav;mfcribbon-ms</Extensions>
    </Filter>
    <Filter Include="Loaders">
      <UniqueIdentifier>{0f42009a-5ba2-4883-a623-0adbf25b7721}</UniqueIdentifier>
    </Filter>
    <Filter Include="Managers">
      <UniqueIdentifier>{9848bec3-d6ea-4c3a-82e7-d65b71a5cc99}</UniqueIdentifier>
    </Filter>
    <Filter Include="Fichiers de ressources\ShadersSources">
      <UniqueIdentifier>{96622ef1-34ea-4d5b-a6b3-47834674ff96}</UniqueIdentifier>
    </Filter>
    <Filter Include="Shaders">
      <UniqueIdentifier>{d054b8f0-256a-414f-bf7b-3316050772da}</UniqueIdentifier>
    </Filter>
    <Filter Include="Models">
      <UniqueIdentifier>{2af53c14-5b21-4235-9d05-b5d00deba679}</UniqueIdentifier>
    </Filter>
    <Filter Include="Renderers">
      <UniqueIdentifier>{4651f835-9e36-4ba6-9193-0b91ff53d920}</UniqueIdentifier>
    </Filter>
    <Filter Include="Entities">
      <UniqueIdentifier>{815d2c66-4480-438b-a762-fbca877f6909}</UniqueIdentifier>
    </Filter>
    <Filter Include="Materials">
      <UniqueIdentifier>{220f0161-66c4-499d-9b98-f54ec07b341b}</UniqueIdentifier>
    </Filter>
  </ItemGroup>
  <ItemGroup>
    <ClCompile Include="main.cpp">
      <Filter>Fichiers sources</Filter>
    </ClCompile>
    <ClCompile Include="src\glad.c">
      <Filter>Fichiers sources</Filter>
    </ClCompile>
    <ClCompile Include="src\GameManager.cpp">
      <Filter>Managers</Filter>
    </ClCompile>
    <ClCompile Include="src\pch.cpp">
      <Filter>Fichiers sources</Filter>
    </ClCompile>
    <ClCompile Include="src\Loader.cpp">
      <Filter>Loaders</Filter>
    </ClCompile>
    <ClCompile Include="src\Shader.cpp">
      <Filter>Shaders</Filter>
    </ClCompile>
    <ClCompile Include="src\Model.cpp">
      <Filter>Models</Filter>
    </ClCompile>
    <ClCompile Include="src\Renderer.cpp">
      <Filter>Renderers</Filter>
    </ClCompile>
    <ClCompile Include="src\stb_image.cpp">
      <Filter>Fichiers sources</Filter>
    </ClCompile>
    <ClCompile Include="src\TexturedModel.cpp">
      <Filter>Models</Filter>
    </ClCompile>
    <ClCompile Include="src\Entity.cpp">
      <Filter>Entities</Filter>
    </ClCompile>
    <ClCompile Include="src\DisplayManager.cpp">
      <Filter>Managers</Filter>
    </ClCompile>
    <ClCompile Include="src\InputManager.cpp">
      <Filter>Managers</Filter>
    </ClCompile>
    <ClCompile Include="src\Camera.cpp">
      <Filter>Entities</Filter>
    </ClCompile>
    <ClCompile Include="src\Light.cpp">
      <Filter>Entities</Filter>
    </ClCompile>
    <ClCompile Include="src\Material.cpp">
      <Filter>Materials</Filter>
    </ClCompile>
    <ClCompile Include="src\OBJLoader.cpp">
      <Filter>Loaders</Filter>
    </ClCompile>
    <ClCompile Include="src\Mesh.cpp">
      <Filter>Models</Filter>
    </ClCompile>
  </ItemGroup>
  <ItemGroup>
    <ClInclude Include="include\GameManager.h">
      <Filter>Managers</Filter>
    </ClInclude>
    <ClInclude Include="include\pch.h">
      <Filter>Fichiers d%27en-tête</Filter>
    </ClInclude>
    <ClInclude Include="include\Loader.h">
      <Filter>Loaders</Filter>
    </ClInclude>
    <ClInclude Include="include\Shader.h">
      <Filter>Shaders</Filter>
    </ClInclude>
    <ClInclude Include="include\Model.h">
      <Filter>Models</Filter>
    </ClInclude>
    <ClInclude Include="include\Renderer.h">
      <Filter>Renderers</Filter>
    </ClInclude>
    <ClInclude Include="include\stb_image.h">
      <Filter>Fichiers d%27en-tête</Filter>
    </ClInclude>
    <ClInclude Include="include\TexturedModel.h">
      <Filter>Models</Filter>
    </ClInclude>
    <ClInclude Include="include\Entity.h">
      <Filter>Entities</Filter>
    </ClInclude>
    <ClInclude Include="include\InputManager.h">
      <Filter>Managers</Filter>
    </ClInclude>
    <ClInclude Include="include\DisplayManager.h">
      <Filter>Managers</Filter>
    </ClInclude>
    <ClInclude Include="include\Camera.h">
      <Filter>Entities</Filter>
    </ClInclude>
    <ClInclude Include="include\Light.h">
      <Filter>Entities</Filter>
    </ClInclude>
    <ClInclude Include="include\Material.h">
      <Filter>Materials</Filter>
    </ClInclude>
    <ClInclude Include="include\OBJLoader.h">
      <Filter>Loaders</Filter>
    </ClInclude>
    <ClInclude Include="include\Mesh.h">
      <Filter>Models</Filter>
    </ClInclude>
  </ItemGroup>
  <ItemGroup>
    <None Include="res\Shaders\StaticShader.frag">
      <Filter>Fichiers de ressources\ShadersSources</Filter>
    </None>
    <None Include="res\Shaders\StaticShader.vert">
      <Filter>Fichiers de ressources\ShadersSources</Filter>
    </None>
    <None Include="res\shaders\BasicLighting.frag">
      <Filter>Fichiers de ressources\ShadersSources</Filter>
    </None>
    <None Include="res\shaders\BasicLighting.vert">
      <Filter>Fichiers de ressources\ShadersSources</Filter>
    </None>
    <None Include="res\shaders\Materials.frag">
      <Filter>Fichiers de ressources\ShadersSources</Filter>
    </None>
    <None Include="res\shaders\Materials.vert">
      <Filter>Fichiers de ressources\ShadersSources</Filter>
    </None>
    <None Include="res\shaders\TexturedMaterial.frag">
      <Filter>Fichiers de ressources\ShadersSources</Filter>
    </None>
    <None Include="res\shaders\TexturedMaterial.vert">
      <Filter>Fichiers de ressources\ShadersSources</Filter>
    </None>
    <None Include="res\shaders\LightCaster.frag">
      <Filter>Fichiers de ressources\ShadersSources</Filter>
    </None>
    <None Include="res\shaders\LightCaster.vert">
      <Filter>Fichiers de ressources\ShadersSources</Filter>
    </None>
    <None Include="res\shaders\TexturedMaterialCaster.frag">
      <Filter>Fichiers de ressources\ShadersSources</Filter>
    </None>
    <None Include="res\shaders\TexturedMaterialCaster.vert">
      <Filter>Fichiers de ressources\ShadersSources</Filter>
    </None>
    <None Include="res\shaders\FlashLight.frag">
      <Filter>Fichiers de ressources\ShadersSources</Filter>
    </None>
    <None Include="res\shaders\FlashLight.vert">
      <Filter>Fichiers de ressources\ShadersSources</Filter>
    </None>
    <None Include="res\shaders\MasterShader.frag">
      <Filter>Fichiers de ressources\ShadersSources</Filter>
    </None>
    <None Include="res\shaders\MasterShader.vert">
      <Filter>Fichiers de ressources\ShadersSources</Filter>
    </None>
    <None Include="res\shaders\MasterShader_tutorial.frag">
      <Filter>Fichiers de ressources\ShadersSources</Filter>
    </None>
    <None Include="res\shaders\MasterShader_tutorial.vert">
      <Filter>Fichiers de ressources\ShadersSources</Filter>
    </None>
  </ItemGroup>
</Project>